
Microsoft Visual Studio Solution File, Format Version 12.00
# Visual Studio Version 17
VisualStudioVersion = 17.1.32328.378
MinimumVisualStudioVersion = 10.0.40219.1
Project("{2150E333-8FDC-42A3-9474-1A3956D46DE8}") = "Services", "Services", "{501C7957-4C93-459C-956A-9292E0023B96}"
EndProject
Project("{2150E333-8FDC-42A3-9474-1A3956D46DE8}") = "Catalog", "Catalog", "{9CFD94A6-D84C-419B-B5E9-0A0862CF73C2}"
EndProject
Project("{9A19103F-16F7-4668-BE54-9A1E7A4F7556}") = "Catalog.API", "Services\Catalog\Catalog.API\Catalog.API.csproj", "{500B07A2-3CA6-487D-BD63-CBE36C4962FD}"
EndProject
Project("{E53339B2-1760-4266-BCC7-CA923CBCF16C}") = "docker-compose", "docker-compose.dcproj", "{E9B939C3-6D70-45D9-9699-3A1DFDD00DD0}"
EndProject
Project("{2150E333-8FDC-42A3-9474-1A3956D46DE8}") = "Basket", "Basket", "{04894C55-7D73-4B76-81BA-09B02E55DAC8}"
EndProject
Project("{9A19103F-16F7-4668-BE54-9A1E7A4F7556}") = "Basket.API", "Services\Basket\Basket.API\Basket.API.csproj", "{CE089106-1756-48B5-A2FF-EE7F2662F3EA}"
EndProject
Project("{2150E333-8FDC-42A3-9474-1A3956D46DE8}") = "Discount", "Discount", "{FEB1D20E-23BC-464F-BAC1-F876A0EC24A7}"
EndProject
Project("{9A19103F-16F7-4668-BE54-9A1E7A4F7556}") = "Discount.API", "Services\Discount\Discount.API\Discount.API.csproj", "{A080383B-2EA2-423C-9C6C-F967CC2D1AA9}"
EndProject
Project("{FAE04EC0-301F-11D3-BF4B-00C04F79EFBC}") = "Discount.Grpc", "Services\Discount\Discount.Grpc\Discount.Grpc.csproj", "{E4733736-7254-4DFF-9BE9-D6B347887DAE}"
EndProject
Global
	GlobalSection(SolutionConfigurationPlatforms) = preSolution
		Debug|Any CPU = Debug|Any CPU
		Release|Any CPU = Release|Any CPU
	EndGlobalSection
	GlobalSection(ProjectConfigurationPlatforms) = postSolution
		{500B07A2-3CA6-487D-BD63-CBE36C4962FD}.Debug|Any CPU.ActiveCfg = Debug|Any CPU
		{500B07A2-3CA6-487D-BD63-CBE36C4962FD}.Debug|Any CPU.Build.0 = Debug|Any CPU
		{500B07A2-3CA6-487D-BD63-CBE36C4962FD}.Release|Any CPU.ActiveCfg = Release|Any CPU
		{500B07A2-3CA6-487D-BD63-CBE36C4962FD}.Release|Any CPU.Build.0 = Release|Any CPU
		{E9B939C3-6D70-45D9-9699-3A1DFDD00DD0}.Debug|Any CPU.ActiveCfg = Debug|Any CPU
		{E9B939C3-6D70-45D9-9699-3A1DFDD00DD0}.Debug|Any CPU.Build.0 = Debug|Any CPU
		{E9B939C3-6D70-45D9-9699-3A1DFDD00DD0}.Release|Any CPU.ActiveCfg = Release|Any CPU
		{E9B939C3-6D70-45D9-9699-3A1DFDD00DD0}.Release|Any CPU.Build.0 = Release|Any CPU
		{CE089106-1756-48B5-A2FF-EE7F2662F3EA}.Debug|Any CPU.ActiveCfg = Debug|Any CPU
		{CE089106-1756-48B5-A2FF-EE7F2662F3EA}.Debug|Any CPU.Build.0 = Debug|Any CPU
		{CE089106-1756-48B5-A2FF-EE7F2662F3EA}.Release|Any CPU.ActiveCfg = Release|Any CPU
		{CE089106-1756-48B5-A2FF-EE7F2662F3EA}.Release|Any CPU.Build.0 = Release|Any CPU
		{A080383B-2EA2-423C-9C6C-F967CC2D1AA9}.Debug|Any CPU.ActiveCfg = Debug|Any CPU
		{A080383B-2EA2-423C-9C6C-F967CC2D1AA9}.Debug|Any CPU.Build.0 = Debug|Any CPU
		{A080383B-2EA2-423C-9C6C-F967CC2D1AA9}.Release|Any CPU.ActiveCfg = Release|Any CPU
		{A080383B-2EA2-423C-9C6C-F967CC2D1AA9}.Release|Any CPU.Build.0 = Release|Any CPU
		{E4733736-7254-4DFF-9BE9-D6B347887DAE}.Debug|Any CPU.ActiveCfg = Debug|Any CPU
		{E4733736-7254-4DFF-9BE9-D6B347887DAE}.Debug|Any CPU.Build.0 = Debug|Any CPU
		{E4733736-7254-4DFF-9BE9-D6B347887DAE}.Release|Any CPU.ActiveCfg = Release|Any CPU
		{E4733736-7254-4DFF-9BE9-D6B347887DAE}.Release|Any CPU.Build.0 = Release|Any CPU
	EndGlobalSection
	GlobalSection(SolutionProperties) = preSolution
		HideSolutionNode = FALSE
	EndGlobalSection
	GlobalSection(NestedProjects) = preSolution
		{9CFD94A6-D84C-419B-B5E9-0A0862CF73C2} = {501C7957-4C93-459C-956A-9292E0023B96}
		{500B07A2-3CA6-487D-BD63-CBE36C4962FD} = {9CFD94A6-D84C-419B-B5E9-0A0862CF73C2}
		{04894C55-7D73-4B76-81BA-09B02E55DAC8} = {501C7957-4C93-459C-956A-9292E0023B96}
		{CE089106-1756-48B5-A2FF-EE7F2662F3EA} = {04894C55-7D73-4B76-81BA-09B02E55DAC8}
		{FEB1D20E-23BC-464F-BAC1-F876A0EC24A7} = {501C7957-4C93-459C-956A-9292E0023B96}
		{A080383B-2EA2-423C-9C6C-F967CC2D1AA9} = {FEB1D20E-23BC-464F-BAC1-F876A0EC24A7}
		{E4733736-7254-4DFF-9BE9-D6B347887DAE} = {FEB1D20E-23BC-464F-BAC1-F876A0EC24A7}
	EndGlobalSection
	GlobalSection(ExtensibilityGlobals) = postSolution
		SolutionGuid = {ADB79DDA-B679-4384-8885-D0B44E073364}
	EndGlobalSection
EndGlobal
