
Microsoft Visual Studio Solution File, Format Version 12.00
# Visual Studio Version 17
VisualStudioVersion = 17.1.32328.378
MinimumVisualStudioVersion = 10.0.40219.1
Project("{2150E333-8FDC-42A3-9474-1A3956D46DE8}") = "Services", "Services", "{501C7957-4C93-459C-956A-9292E0023B96}"
EndProject
Project("{2150E333-8FDC-42A3-9474-1A3956D46DE8}") = "Catalog", "Catalog", "{9CFD94A6-D84C-419B-B5E9-0A0862CF73C2}"
EndProject
Project("{FAE04EC0-301F-11D3-BF4B-00C04F79EFBC}") = "Catalog.API", "Services\Catalog\Catalog.API\Catalog.API.csproj", "{500B07A2-3CA6-487D-BD63-CBE36C4962FD}"
EndProject
Global
	GlobalSection(SolutionConfigurationPlatforms) = preSolution
		Debug|Any CPU = Debug|Any CPU
		Release|Any CPU = Release|Any CPU
	EndGlobalSection
	GlobalSection(ProjectConfigurationPlatforms) = postSolution
		{500B07A2-3CA6-487D-BD63-CBE36C4962FD}.Debug|Any CPU.ActiveCfg = Debug|Any CPU
		{500B07A2-3CA6-487D-BD63-CBE36C4962FD}.Debug|Any CPU.Build.0 = Debug|Any CPU
		{500B07A2-3CA6-487D-BD63-CBE36C4962FD}.Release|Any CPU.ActiveCfg = Release|Any CPU
		{500B07A2-3CA6-487D-BD63-CBE36C4962FD}.Release|Any CPU.Build.0 = Release|Any CPU
	EndGlobalSection
	GlobalSection(SolutionProperties) = preSolution
		HideSolutionNode = FALSE
	EndGlobalSection
	GlobalSection(NestedProjects) = preSolution
		{9CFD94A6-D84C-419B-B5E9-0A0862CF73C2} = {501C7957-4C93-459C-956A-9292E0023B96}
		{500B07A2-3CA6-487D-BD63-CBE36C4962FD} = {9CFD94A6-D84C-419B-B5E9-0A0862CF73C2}
	EndGlobalSection
	GlobalSection(ExtensibilityGlobals) = postSolution
		SolutionGuid = {ADB79DDA-B679-4384-8885-D0B44E073364}
	EndGlobalSection
EndGlobal
